
Microsoft Visual Studio Solution File, Format Version 12.00
# Visual Studio Version 17
VisualStudioVersion = 17.9.34701.34
MinimumVisualStudioVersion = 10.0.40219.1
Project("{9A19103F-16F7-4668-BE54-9A1E7A4F7556}") = "project_new", "project_new.csproj", "{60D44316-F886-4F17-B855-241866D88007}"
EndProject
Global
	GlobalSection(SolutionConfigurationPlatforms) = preSolution
		Debug|Any CPU = Debug|Any CPU
		Release|Any CPU = Release|Any CPU
	EndGlobalSection
	GlobalSection(ProjectConfigurationPlatforms) = postSolution
		{60D44316-F886-4F17-B855-241866D88007}.Debug|Any CPU.ActiveCfg = Debug|Any CPU
		{60D44316-F886-4F17-B855-241866D88007}.Debug|Any CPU.Build.0 = Debug|Any CPU
		{60D44316-F886-4F17-B855-241866D88007}.Release|Any CPU.ActiveCfg = Release|Any CPU
		{60D44316-F886-4F17-B855-241866D88007}.Release|Any CPU.Build.0 = Release|Any CPU
	EndGlobalSection
	GlobalSection(SolutionProperties) = preSolution
		HideSolutionNode = FALSE
	EndGlobalSection
	GlobalSection(ExtensibilityGlobals) = postSolution
		SolutionGuid = {003779E6-72B8-4DF9-9425-3BEDBC05B6AD}
	EndGlobalSection
EndGlobal
